
Microsoft Visual Studio Solution File, Format Version 12.00
# Visual Studio Version 17
VisualStudioVersion = 17.10.35027.167
MinimumVisualStudioVersion = 10.0.40219.1
Project("{9A19103F-16F7-4668-BE54-9A1E7A4F7556}") = "Figure.Library", "Figure.Library\Figure.Library.csproj", "{34541359-FCBE-4ECE-88B6-C57C3BB78CA9}"
EndProject
Project("{FAE04EC0-301F-11D3-BF4B-00C04F79EFBC}") = "Fiugre.Tests", "Fiugre.Tests\Fiugre.Tests.csproj", "{B472A6C3-A594-4A1B-961A-989EC0FD51E0}"
EndProject
Project("{2150E333-8FDC-42A3-9474-1A3956D46DE8}") = "SqlRequest", "SqlRequest", "{5C697518-BA71-40DA-90D6-111C6E66107F}"
	ProjectSection(SolutionItems) = preProject
		Request.sql = Request.sql
	EndProjectSection
EndProject
Global
	GlobalSection(SolutionConfigurationPlatforms) = preSolution
		Debug|Any CPU = Debug|Any CPU
		Release|Any CPU = Release|Any CPU
	EndGlobalSection
	GlobalSection(ProjectConfigurationPlatforms) = postSolution
		{34541359-FCBE-4ECE-88B6-C57C3BB78CA9}.Debug|Any CPU.ActiveCfg = Debug|Any CPU
		{34541359-FCBE-4ECE-88B6-C57C3BB78CA9}.Debug|Any CPU.Build.0 = Debug|Any CPU
		{34541359-FCBE-4ECE-88B6-C57C3BB78CA9}.Release|Any CPU.ActiveCfg = Release|Any CPU
		{34541359-FCBE-4ECE-88B6-C57C3BB78CA9}.Release|Any CPU.Build.0 = Release|Any CPU
		{B472A6C3-A594-4A1B-961A-989EC0FD51E0}.Debug|Any CPU.ActiveCfg = Debug|Any CPU
		{B472A6C3-A594-4A1B-961A-989EC0FD51E0}.Debug|Any CPU.Build.0 = Debug|Any CPU
		{B472A6C3-A594-4A1B-961A-989EC0FD51E0}.Release|Any CPU.ActiveCfg = Release|Any CPU
		{B472A6C3-A594-4A1B-961A-989EC0FD51E0}.Release|Any CPU.Build.0 = Release|Any CPU
	EndGlobalSection
	GlobalSection(SolutionProperties) = preSolution
		HideSolutionNode = FALSE
	EndGlobalSection
	GlobalSection(ExtensibilityGlobals) = postSolution
		SolutionGuid = {FA633D71-4F08-4673-B959-3C8660D90B88}
	EndGlobalSection
EndGlobal
